
Microsoft Visual Studio Solution File, Format Version 12.00
# Visual Studio 15
VisualStudioVersion = 15.0.26430.16
MinimumVisualStudioVersion = 10.0.40219.1
Project("{FAE04EC0-301F-11D3-BF4B-00C04F79EFBC}") = "pisos", "pisos\pisos.csproj", "{6C521E78-9A2B-4BC1-AEAD-40DB7DD86418}"
EndProject
Project("{FAE04EC0-301F-11D3-BF4B-00C04F79EFBC}") = "pisoscontrol", "pisoscontrol\pisoscontrol.csproj", "{39C3AE97-2207-421B-A22D-E48658A7D076}"
EndProject
Global
	GlobalSection(SolutionConfigurationPlatforms) = preSolution
		Debug|Any CPU = Debug|Any CPU
		Release|Any CPU = Release|Any CPU
	EndGlobalSection
	GlobalSection(ProjectConfigurationPlatforms) = postSolution
		{6C521E78-9A2B-4BC1-AEAD-40DB7DD86418}.Debug|Any CPU.ActiveCfg = Debug|Any CPU
		{6C521E78-9A2B-4BC1-AEAD-40DB7DD86418}.Debug|Any CPU.Build.0 = Debug|Any CPU
		{6C521E78-9A2B-4BC1-AEAD-40DB7DD86418}.Release|Any CPU.ActiveCfg = Release|Any CPU
		{6C521E78-9A2B-4BC1-AEAD-40DB7DD86418}.Release|Any CPU.Build.0 = Release|Any CPU
		{39C3AE97-2207-421B-A22D-E48658A7D076}.Debug|Any CPU.ActiveCfg = Debug|Any CPU
		{39C3AE97-2207-421B-A22D-E48658A7D076}.Debug|Any CPU.Build.0 = Debug|Any CPU
		{39C3AE97-2207-421B-A22D-E48658A7D076}.Release|Any CPU.ActiveCfg = Release|Any CPU
		{39C3AE97-2207-421B-A22D-E48658A7D076}.Release|Any CPU.Build.0 = Release|Any CPU
	EndGlobalSection
	GlobalSection(SolutionProperties) = preSolution
		HideSolutionNode = FALSE
	EndGlobalSection
EndGlobal
